// !$*UTF8*$!
{
	archiveVersion = 1;
	classes = {
	};
	objectVersion = 55;
	objects = {

/* Begin PBXBuildFile section */
		68716B25271EB335002C3CFF /* AppDelegate.swift in Sources */ = {isa = PBXBuildFile; fileRef = 68716B24271EB335002C3CFF /* AppDelegate.swift */; };
		68716B27271EB335002C3CFF /* SceneDelegate.swift in Sources */ = {isa = PBXBuildFile; fileRef = 68716B26271EB335002C3CFF /* SceneDelegate.swift */; };
		68716B29271EB335002C3CFF /* MainViewController.swift in Sources */ = {isa = PBXBuildFile; fileRef = 68716B28271EB335002C3CFF /* MainViewController.swift */; };
		68716B2C271EB335002C3CFF /* Main.storyboard in Resources */ = {isa = PBXBuildFile; fileRef = 68716B2A271EB335002C3CFF /* Main.storyboard */; };
		68716B2E271EB337002C3CFF /* Assets.xcassets in Resources */ = {isa = PBXBuildFile; fileRef = 68716B2D271EB337002C3CFF /* Assets.xcassets */; };
		68716B31271EB337002C3CFF /* LaunchScreen.storyboard in Resources */ = {isa = PBXBuildFile; fileRef = 68716B2F271EB337002C3CFF /* LaunchScreen.storyboard */; };
		68A944A02725A7EB00EFFCE1 /* MTScrollView.swift in Sources */ = {isa = PBXBuildFile; fileRef = 68A9449F2725A7EB00EFFCE1 /* MTScrollView.swift */; };
		68A944A22725A80A00EFFCE1 /* MTGridView.swift in Sources */ = {isa = PBXBuildFile; fileRef = 68A944A12725A80A00EFFCE1 /* MTGridView.swift */; };
		68A944A42725A92D00EFFCE1 /* PhotoEditorViewController.swift in Sources */ = {isa = PBXBuildFile; fileRef = 68A944A32725A92D00EFFCE1 /* PhotoEditorViewController.swift */; };
		68A944AC2725AA3000EFFCE1 /* libPods-MetalFilter.a in Frameworks */ = {isa = PBXBuildFile; fileRef = 68A944AB2725AA3000EFFCE1 /* libPods-MetalFilter.a */; };
/* End PBXBuildFile section */

/* Begin PBXFileReference section */
		68716B21271EB335002C3CFF /* MetalFilter.app */ = {isa = PBXFileReference; explicitFileType = wrapper.application; includeInIndex = 0; path = MetalFilter.app; sourceTree = BUILT_PRODUCTS_DIR; };
		68716B24271EB335002C3CFF /* AppDelegate.swift */ = {isa = PBXFileReference; lastKnownFileType = sourcecode.swift; path = AppDelegate.swift; sourceTree = "<group>"; };
		68716B26271EB335002C3CFF /* SceneDelegate.swift */ = {isa = PBXFileReference; lastKnownFileType = sourcecode.swift; path = SceneDelegate.swift; sourceTree = "<group>"; };
		68716B28271EB335002C3CFF /* MainViewController.swift */ = {isa = PBXFileReference; lastKnownFileType = sourcecode.swift; path = MainViewController.swift; sourceTree = "<group>"; };
		68716B2B271EB335002C3CFF /* Base */ = {isa = PBXFileReference; lastKnownFileType = file.storyboard; name = Base; path = Base.lproj/Main.storyboard; sourceTree = "<group>"; };
		68716B2D271EB337002C3CFF /* Assets.xcassets */ = {isa = PBXFileReference; lastKnownFileType = folder.assetcatalog; path = Assets.xcassets; sourceTree = "<group>"; };
		68716B30271EB337002C3CFF /* Base */ = {isa = PBXFileReference; lastKnownFileType = file.storyboard; name = Base; path = Base.lproj/LaunchScreen.storyboard; sourceTree = "<group>"; };
		68716B32271EB337002C3CFF /* Info.plist */ = {isa = PBXFileReference; lastKnownFileType = text.plist.xml; path = Info.plist; sourceTree = "<group>"; };
		68A9449F2725A7EB00EFFCE1 /* MTScrollView.swift */ = {isa = PBXFileReference; lastKnownFileType = sourcecode.swift; path = MTScrollView.swift; sourceTree = "<group>"; };
		68A944A12725A80A00EFFCE1 /* MTGridView.swift */ = {isa = PBXFileReference; lastKnownFileType = sourcecode.swift; path = MTGridView.swift; sourceTree = "<group>"; };
		68A944A32725A92D00EFFCE1 /* PhotoEditorViewController.swift */ = {isa = PBXFileReference; lastKnownFileType = sourcecode.swift; path = PhotoEditorViewController.swift; sourceTree = "<group>"; };
		68A944A52725AA0A00EFFCE1 /* libPods-MetalFilter.a */ = {isa = PBXFileReference; explicitFileType = archive.ar; path = "libPods-MetalFilter.a"; sourceTree = BUILT_PRODUCTS_DIR; };
		68A944A72725AA1100EFFCE1 /* libPods-MetalFilter.a */ = {isa = PBXFileReference; explicitFileType = archive.ar; path = "libPods-MetalFilter.a"; sourceTree = BUILT_PRODUCTS_DIR; };
		68A944A92725AA1600EFFCE1 /* libMetalPetal.a */ = {isa = PBXFileReference; explicitFileType = archive.ar; path = libMetalPetal.a; sourceTree = BUILT_PRODUCTS_DIR; };
		68A944AB2725AA3000EFFCE1 /* libPods-MetalFilter.a */ = {isa = PBXFileReference; explicitFileType = archive.ar; path = "libPods-MetalFilter.a"; sourceTree = BUILT_PRODUCTS_DIR; };
		CBB7A718C49CF5C186CFA8FE /* Pods-MetalFilter.debug.xcconfig */ = {isa = PBXFileReference; includeInIndex = 1; lastKnownFileType = text.xcconfig; name = "Pods-MetalFilter.debug.xcconfig"; path = "Target Support Files/Pods-MetalFilter/Pods-MetalFilter.debug.xcconfig"; sourceTree = "<group>"; };
		CFFA5205FBAD60A0B5D946CD /* Pods-MetalFilter.release.xcconfig */ = {isa = PBXFileReference; includeInIndex = 1; lastKnownFileType = text.xcconfig; name = "Pods-MetalFilter.release.xcconfig"; path = "Target Support Files/Pods-MetalFilter/Pods-MetalFilter.release.xcconfig"; sourceTree = "<group>"; };
		DA884F761000B5198500E5B5 /* libPods-MetalFilter.a */ = {isa = PBXFileReference; explicitFileType = archive.ar; includeInIndex = 0; path = "libPods-MetalFilter.a"; sourceTree = BUILT_PRODUCTS_DIR; };
/* End PBXFileReference section */

/* Begin PBXFrameworksBuildPhase section */
		68716B1E271EB335002C3CFF /* Frameworks */ = {
			isa = PBXFrameworksBuildPhase;
			buildActionMask = 2147483647;
			files = (
				68A944AC2725AA3000EFFCE1 /* libPods-MetalFilter.a in Frameworks */,
			);
			runOnlyForDeploymentPostprocessing = 0;
		};
/* End PBXFrameworksBuildPhase section */

/* Begin PBXGroup section */
		68716B18271EB335002C3CFF = {
			isa = PBXGroup;
			children = (
				68716B23271EB335002C3CFF /* MetalFilter */,
				68716B22271EB335002C3CFF /* Products */,
				A1B8E4A8E0C480175527D509 /* Pods */,
				7A6B90B9DCED4651CE40D70B /* Frameworks */,
			);
			sourceTree = "<group>";
		};
		68716B22271EB335002C3CFF /* Products */ = {
			isa = PBXGroup;
			children = (
				68716B21271EB335002C3CFF /* MetalFilter.app */,
			);
			name = Products;
			sourceTree = "<group>";
		};
		68716B23271EB335002C3CFF /* MetalFilter */ = {
			isa = PBXGroup;
			children = (
				68A9449B2725A73800EFFCE1 /* Models */,
				68A9449C2725A74100EFFCE1 /* Views */,
				68A9449D2725A74600EFFCE1 /* ViewControllers */,
				68A9449E2725A78400EFFCE1 /* Supports */,
				68716B26271EB335002C3CFF /* SceneDelegate.swift */,
				68716B24271EB335002C3CFF /* AppDelegate.swift */,
				68716B2A271EB335002C3CFF /* Main.storyboard */,
				68716B2D271EB337002C3CFF /* Assets.xcassets */,
				68716B2F271EB337002C3CFF /* LaunchScreen.storyboard */,
				68716B32271EB337002C3CFF /* Info.plist */,
			);
			path = MetalFilter;
			sourceTree = "<group>";
		};
		68A9449B2725A73800EFFCE1 /* Models */ = {
			isa = PBXGroup;
			children = (
			);
			path = Models;
			sourceTree = "<group>";
		};
		68A9449C2725A74100EFFCE1 /* Views */ = {
			isa = PBXGroup;
			children = (
				68A9449F2725A7EB00EFFCE1 /* MTScrollView.swift */,
				68A944A12725A80A00EFFCE1 /* MTGridView.swift */,
			);
			path = Views;
			sourceTree = "<group>";
		};
		68A9449D2725A74600EFFCE1 /* ViewControllers */ = {
			isa = PBXGroup;
			children = (
				68716B28271EB335002C3CFF /* MainViewController.swift */,
				68A944A32725A92D00EFFCE1 /* PhotoEditorViewController.swift */,
			);
			path = ViewControllers;
			sourceTree = "<group>";
		};
		68A9449E2725A78400EFFCE1 /* Supports */ = {
			isa = PBXGroup;
			children = (
			);
			path = Supports;
			sourceTree = "<group>";
		};
		7A6B90B9DCED4651CE40D70B /* Frameworks */ = {
			isa = PBXGroup;
			children = (
				68A944AB2725AA3000EFFCE1 /* libPods-MetalFilter.a */,
				68A944A92725AA1600EFFCE1 /* libMetalPetal.a */,
				68A944A72725AA1100EFFCE1 /* libPods-MetalFilter.a */,
				68A944A52725AA0A00EFFCE1 /* libPods-MetalFilter.a */,
				DA884F761000B5198500E5B5 /* libPods-MetalFilter.a */,
			);
			name = Frameworks;
			sourceTree = "<group>";
		};
		A1B8E4A8E0C480175527D509 /* Pods */ = {
			isa = PBXGroup;
			children = (
				CBB7A718C49CF5C186CFA8FE /* Pods-MetalFilter.debug.xcconfig */,
				CFFA5205FBAD60A0B5D946CD /* Pods-MetalFilter.release.xcconfig */,
			);
			path = Pods;
			sourceTree = "<group>";
		};
/* End PBXGroup section */

/* Begin PBXNativeTarget section */
		68716B20271EB335002C3CFF /* MetalFilter */ = {
			isa = PBXNativeTarget;
			buildConfigurationList = 68716B35271EB337002C3CFF /* Build configuration list for PBXNativeTarget "MetalFilter" */;
			buildPhases = (
				27BA935DEFED5D174E55BA8E /* [CP] Check Pods Manifest.lock */,
				68716B1D271EB335002C3CFF /* Sources */,
				68716B1E271EB335002C3CFF /* Frameworks */,
				68716B1F271EB335002C3CFF /* Resources */,
			);
			buildRules = (
			);
			dependencies = (
			);
			name = MetalFilter;
			productName = MetalFilter;
			productReference = 68716B21271EB335002C3CFF /* MetalFilter.app */;
			productType = "com.apple.product-type.application";
		};
/* End PBXNativeTarget section */

/* Begin PBXProject section */
		68716B19271EB335002C3CFF /* Project object */ = {
			isa = PBXProject;
			attributes = {
				BuildIndependentTargetsInParallel = 1;
				LastSwiftUpdateCheck = 1300;
				LastUpgradeCheck = 1300;
				TargetAttributes = {
					68716B20271EB335002C3CFF = {
						CreatedOnToolsVersion = 13.0;
					};
				};
			};
			buildConfigurationList = 68716B1C271EB335002C3CFF /* Build configuration list for PBXProject "MetalFilter" */;
			compatibilityVersion = "Xcode 13.0";
			developmentRegion = en;
			hasScannedForEncodings = 0;
			knownRegions = (
				en,
				Base,
			);
			mainGroup = 68716B18271EB335002C3CFF;
			productRefGroup = 68716B22271EB335002C3CFF /* Products */;
			projectDirPath = "";
			projectRoot = "";
			targets = (
				68716B20271EB335002C3CFF /* MetalFilter */,
			);
		};
/* End PBXProject section */

/* Begin PBXResourcesBuildPhase section */
		68716B1F271EB335002C3CFF /* Resources */ = {
			isa = PBXResourcesBuildPhase;
			buildActionMask = 2147483647;
			files = (
				68716B31271EB337002C3CFF /* LaunchScreen.storyboard in Resources */,
				68716B2E271EB337002C3CFF /* Assets.xcassets in Resources */,
				68716B2C271EB335002C3CFF /* Main.storyboard in Resources */,
			);
			runOnlyForDeploymentPostprocessing = 0;
		};
/* End PBXResourcesBuildPhase section */

/* Begin PBXShellScriptBuildPhase section */
		27BA935DEFED5D174E55BA8E /* [CP] Check Pods Manifest.lock */ = {
			isa = PBXShellScriptBuildPhase;
			buildActionMask = 2147483647;
			files = (
			);
			inputFileListPaths = (
			);
			inputPaths = (
				"${PODS_PODFILE_DIR_PATH}/Podfile.lock",
				"${PODS_ROOT}/Manifest.lock",
			);
			name = "[CP] Check Pods Manifest.lock";
			outputFileListPaths = (
			);
			outputPaths = (
				"$(DERIVED_FILE_DIR)/Pods-MetalFilter-checkManifestLockResult.txt",
			);
			runOnlyForDeploymentPostprocessing = 0;
			shellPath = /bin/sh;
			shellScript = "diff \"${PODS_PODFILE_DIR_PATH}/Podfile.lock\" \"${PODS_ROOT}/Manifest.lock\" > /dev/null\nif [ $? != 0 ] ; then\n    # print error to STDERR\n    echo \"error: The sandbox is not in sync with the Podfile.lock. Run 'pod install' or update your CocoaPods installation.\" >&2\n    exit 1\nfi\n# This output is used by Xcode 'outputs' to avoid re-running this script phase.\necho \"SUCCESS\" > \"${SCRIPT_OUTPUT_FILE_0}\"\n";
			showEnvVarsInLog = 0;
		};
/* End PBXShellScriptBuildPhase section */

/* Begin PBXSourcesBuildPhase section */
		68716B1D271EB335002C3CFF /* Sources */ = {
			isa = PBXSourcesBuildPhase;
			buildActionMask = 2147483647;
			files = (
				68A944A02725A7EB00EFFCE1 /* MTScrollView.swift in Sources */,
				68716B29271EB335002C3CFF /* MainViewController.swift in Sources */,
				68A944A42725A92D00EFFCE1 /* PhotoEditorViewController.swift in Sources */,
				68A944A22725A80A00EFFCE1 /* MTGridView.swift in Sources */,
				68716B25271EB335002C3CFF /* AppDelegate.swift in Sources */,
				68716B27271EB335002C3CFF /* SceneDelegate.swift in Sources */,
			);
			runOnlyForDeploymentPostprocessing = 0;
		};
/* End PBXSourcesBuildPhase section */

/* Begin PBXVariantGroup section */
		68716B2A271EB335002C3CFF /* Main.storyboard */ = {
			isa = PBXVariantGroup;
			children = (
				68716B2B271EB335002C3CFF /* Base */,
			);
			name = Main.storyboard;
			sourceTree = "<group>";
		};
		68716B2F271EB337002C3CFF /* LaunchScreen.storyboard */ = {
			isa = PBXVariantGroup;
			children = (
				68716B30271EB337002C3CFF /* Base */,
			);
			name = LaunchScreen.storyboard;
			sourceTree = "<group>";
		};
/* End PBXVariantGroup section */

/* Begin XCBuildConfiguration section */
		68716B33271EB337002C3CFF /* Debug */ = {
			isa = XCBuildConfiguration;
			buildSettings = {
				ALWAYS_SEARCH_USER_PATHS = NO;
				CLANG_ANALYZER_NONNULL = YES;
				CLANG_ANALYZER_NUMBER_OBJECT_CONVERSION = YES_AGGRESSIVE;
				CLANG_CXX_LANGUAGE_STANDARD = "gnu++17";
				CLANG_CXX_LIBRARY = "libc++";
				CLANG_ENABLE_MODULES = YES;
				CLANG_ENABLE_OBJC_ARC = YES;
				CLANG_ENABLE_OBJC_WEAK = YES;
				CLANG_WARN_BLOCK_CAPTURE_AUTORELEASING = YES;
				CLANG_WARN_BOOL_CONVERSION = YES;
				CLANG_WARN_COMMA = YES;
				CLANG_WARN_CONSTANT_CONVERSION = YES;
				CLANG_WARN_DEPRECATED_OBJC_IMPLEMENTATIONS = YES;
				CLANG_WARN_DIRECT_OBJC_ISA_USAGE = YES_ERROR;
				CLANG_WARN_DOCUMENTATION_COMMENTS = YES;
				CLANG_WARN_EMPTY_BODY = YES;
				CLANG_WARN_ENUM_CONVERSION = YES;
				CLANG_WARN_INFINITE_RECURSION = YES;
				CLANG_WARN_INT_CONVERSION = YES;
				CLANG_WARN_NON_LITERAL_NULL_CONVERSION = YES;
				CLANG_WARN_OBJC_IMPLICIT_RETAIN_SELF = YES;
				CLANG_WARN_OBJC_LITERAL_CONVERSION = YES;
				CLANG_WARN_OBJC_ROOT_CLASS = YES_ERROR;
				CLANG_WARN_QUOTED_INCLUDE_IN_FRAMEWORK_HEADER = YES;
				CLANG_WARN_RANGE_LOOP_ANALYSIS = YES;
				CLANG_WARN_STRICT_PROTOTYPES = YES;
				CLANG_WARN_SUSPICIOUS_MOVE = YES;
				CLANG_WARN_UNGUARDED_AVAILABILITY = YES_AGGRESSIVE;
				CLANG_WARN_UNREACHABLE_CODE = YES;
				CLANG_WARN__DUPLICATE_METHOD_MATCH = YES;
				COPY_PHASE_STRIP = NO;
				DEBUG_INFORMATION_FORMAT = dwarf;
				ENABLE_STRICT_OBJC_MSGSEND = YES;
				ENABLE_TESTABILITY = YES;
				GCC_C_LANGUAGE_STANDARD = gnu11;
				GCC_DYNAMIC_NO_PIC = NO;
				GCC_NO_COMMON_BLOCKS = YES;
				GCC_OPTIMIZATION_LEVEL = 0;
				GCC_PREPROCESSOR_DEFINITIONS = (
					"DEBUG=1",
					"$(inherited)",
				);
				GCC_WARN_64_TO_32_BIT_CONVERSION = YES;
				GCC_WARN_ABOUT_RETURN_TYPE = YES_ERROR;
				GCC_WARN_UNDECLARED_SELECTOR = YES;
				GCC_WARN_UNINITIALIZED_AUTOS = YES_AGGRESSIVE;
				GCC_WARN_UNUSED_FUNCTION = YES;
				GCC_WARN_UNUSED_VARIABLE = YES;
				IPHONEOS_DEPLOYMENT_TARGET = 15.0;
				MTL_ENABLE_DEBUG_INFO = INCLUDE_SOURCE;
				MTL_FAST_MATH = YES;
				ONLY_ACTIVE_ARCH = YES;
				SDKROOT = iphoneos;
				SWIFT_ACTIVE_COMPILATION_CONDITIONS = DEBUG;
				SWIFT_OPTIMIZATION_LEVEL = "-Onone";
			};
			name = Debug;
		};
		68716B34271EB337002C3CFF /* Release */ = {
			isa = XCBuildConfiguration;
			buildSettings = {
				ALWAYS_SEARCH_USER_PATHS = NO;
				CLANG_ANALYZER_NONNULL = YES;
				CLANG_ANALYZER_NUMBER_OBJECT_CONVERSION = YES_AGGRESSIVE;
				CLANG_CXX_LANGUAGE_STANDARD = "gnu++17";
				CLANG_CXX_LIBRARY = "libc++";
				CLANG_ENABLE_MODULES = YES;
				CLANG_ENABLE_OBJC_ARC = YES;
				CLANG_ENABLE_OBJC_WEAK = YES;
				CLANG_WARN_BLOCK_CAPTURE_AUTORELEASING = YES;
				CLANG_WARN_BOOL_CONVERSION = YES;
				CLANG_WARN_COMMA = YES;
				CLANG_WARN_CONSTANT_CONVERSION = YES;
				CLANG_WARN_DEPRECATED_OBJC_IMPLEMENTATIONS = YES;
				CLANG_WARN_DIRECT_OBJC_ISA_USAGE = YES_ERROR;
				CLANG_WARN_DOCUMENTATION_COMMENTS = YES;
				CLANG_WARN_EMPTY_BODY = YES;
				CLANG_WARN_ENUM_CONVERSION = YES;
				CLANG_WARN_INFINITE_RECURSION = YES;
				CLANG_WARN_INT_CONVERSION = YES;
				CLANG_WARN_NON_LITERAL_NULL_CONVERSION = YES;
				CLANG_WARN_OBJC_IMPLICIT_RETAIN_SELF = YES;
				CLANG_WARN_OBJC_LITERAL_CONVERSION = YES;
				CLANG_WARN_OBJC_ROOT_CLASS = YES_ERROR;
				CLANG_WARN_QUOTED_INCLUDE_IN_FRAMEWORK_HEADER = YES;
				CLANG_WARN_RANGE_LOOP_ANALYSIS = YES;
				CLANG_WARN_STRICT_PROTOTYPES = YES;
				CLANG_WARN_SUSPICIOUS_MOVE = YES;
				CLANG_WARN_UNGUARDED_AVAILABILITY = YES_AGGRESSIVE;
				CLANG_WARN_UNREACHABLE_CODE = YES;
				CLANG_WARN__DUPLICATE_METHOD_MATCH = YES;
				COPY_PHASE_STRIP = NO;
				DEBUG_INFORMATION_FORMAT = "dwarf-with-dsym";
				ENABLE_NS_ASSERTIONS = NO;
				ENABLE_STRICT_OBJC_MSGSEND = YES;
				GCC_C_LANGUAGE_STANDARD = gnu11;
				GCC_NO_COMMON_BLOCKS = YES;
				GCC_WARN_64_TO_32_BIT_CONVERSION = YES;
				GCC_WARN_ABOUT_RETURN_TYPE = YES_ERROR;
				GCC_WARN_UNDECLARED_SELECTOR = YES;
				GCC_WARN_UNINITIALIZED_AUTOS = YES_AGGRESSIVE;
				GCC_WARN_UNUSED_FUNCTION = YES;
				GCC_WARN_UNUSED_VARIABLE = YES;
				IPHONEOS_DEPLOYMENT_TARGET = 15.0;
				MTL_ENABLE_DEBUG_INFO = NO;
				MTL_FAST_MATH = YES;
				SDKROOT = iphoneos;
				SWIFT_COMPILATION_MODE = wholemodule;
				SWIFT_OPTIMIZATION_LEVEL = "-O";
				VALIDATE_PRODUCT = YES;
			};
			name = Release;
		};
		68716B36271EB337002C3CFF /* Debug */ = {
			isa = XCBuildConfiguration;
			baseConfigurationReference = CBB7A718C49CF5C186CFA8FE /* Pods-MetalFilter.debug.xcconfig */;
			buildSettings = {
				ASSETCATALOG_COMPILER_APPICON_NAME = AppIcon;
				ASSETCATALOG_COMPILER_GLOBAL_ACCENT_COLOR_NAME = AccentColor;
				CODE_SIGN_STYLE = Automatic;
				CURRENT_PROJECT_VERSION = 1;
				DEVELOPMENT_TEAM = W832C4SNYD;
				GENERATE_INFOPLIST_FILE = YES;
				INFOPLIST_FILE = MetalFilter/Info.plist;
				INFOPLIST_KEY_UIApplicationSupportsIndirectInputEvents = YES;
				INFOPLIST_KEY_UILaunchStoryboardName = LaunchScreen;
				INFOPLIST_KEY_UIMainStoryboardFile = Main;
				INFOPLIST_KEY_UISupportedInterfaceOrientations_iPad = "UIInterfaceOrientationPortrait UIInterfaceOrientationPortraitUpsideDown UIInterfaceOrientationLandscapeLeft UIInterfaceOrientationLandscapeRight";
				INFOPLIST_KEY_UISupportedInterfaceOrientations_iPhone = "UIInterfaceOrientationPortrait UIInterfaceOrientationLandscapeLeft UIInterfaceOrientationLandscapeRight";
				LD_RUNPATH_SEARCH_PATHS = (
					"$(inherited)",
					"@executable_path/Frameworks",
				);
				MARKETING_VERSION = 1.0;
				PRODUCT_BUNDLE_IDENTIFIER = leeyeon2.MetalFilter;
				PRODUCT_NAME = "$(TARGET_NAME)";
				SWIFT_EMIT_LOC_STRINGS = YES;
				SWIFT_VERSION = 5.0;
				TARGETED_DEVICE_FAMILY = "1,2";
			};
			name = Debug;
		};
		68716B37271EB337002C3CFF /* Release */ = {
			isa = XCBuildConfiguration;
			baseConfigurationReference = CFFA5205FBAD60A0B5D946CD /* Pods-MetalFilter.release.xcconfig */;
			buildSettings = {
				ASSETCATALOG_COMPILER_APPICON_NAME = AppIcon;
				ASSETCATALOG_COMPILER_GLOBAL_ACCENT_COLOR_NAME = AccentColor;
				CODE_SIGN_STYLE = Automatic;
				CURRENT_PROJECT_VERSION = 1;
				DEVELOPMENT_TEAM = W832C4SNYD;
				GENERATE_INFOPLIST_FILE = YES;
				INFOPLIST_FILE = MetalFilter/Info.plist;
				INFOPLIST_KEY_UIApplicationSupportsIndirectInputEvents = YES;
				INFOPLIST_KEY_UILaunchStoryboardName = LaunchScreen;
				INFOPLIST_KEY_UIMainStoryboardFile = Main;
				INFOPLIST_KEY_UISupportedInterfaceOrientations_iPad = "UIInterfaceOrientationPortrait UIInterfaceOrientationPortraitUpsideDown UIInterfaceOrientationLandscapeLeft UIInterfaceOrientationLandscapeRight";
				INFOPLIST_KEY_UISupportedInterfaceOrientations_iPhone = "UIInterfaceOrientationPortrait UIInterfaceOrientationLandscapeLeft UIInterfaceOrientationLandscapeRight";
				LD_RUNPATH_SEARCH_PATHS = (
					"$(inherited)",
					"@executable_path/Frameworks",
				);
				MARKETING_VERSION = 1.0;
				PRODUCT_BUNDLE_IDENTIFIER = leeyeon2.MetalFilter;
				PRODUCT_NAME = "$(TARGET_NAME)";
				SWIFT_EMIT_LOC_STRINGS = YES;
				SWIFT_VERSION = 5.0;
				TARGETED_DEVICE_FAMILY = "1,2";
			};
			name = Release;
		};
/* End XCBuildConfiguration section */

/* Begin XCConfigurationList section */
		68716B1C271EB335002C3CFF /* Build configuration list for PBXProject "MetalFilter" */ = {
			isa = XCConfigurationList;
			buildConfigurations = (
				68716B33271EB337002C3CFF /* Debug */,
				68716B34271EB337002C3CFF /* Release */,
			);
			defaultConfigurationIsVisible = 0;
			defaultConfigurationName = Release;
		};
		68716B35271EB337002C3CFF /* Build configuration list for PBXNativeTarget "MetalFilter" */ = {
			isa = XCConfigurationList;
			buildConfigurations = (
				68716B36271EB337002C3CFF /* Debug */,
				68716B37271EB337002C3CFF /* Release */,
			);
			defaultConfigurationIsVisible = 0;
			defaultConfigurationName = Release;
		};
/* End XCConfigurationList section */
	};
	rootObject = 68716B19271EB335002C3CFF /* Project object */;
}
